{
  "name": "pm2-testmodule",
  "version": "1.0.0",
  "lockfileVersion": 2,
  "requires": true,
  "packages": {
    "": {
      "name": "pm2-testmodule",
      "version": "1.0.0",
      "dependencies": {
        "@node-ipc/node-ipc": "^11.0.3"
      }
    },
    "node_modules/@node-ipc/event-pubsub": {
      "version": "6.0.2",
      "resolved": "https://pkgs.dev.azure.com/MS-Blockchain/_packaging/MS-Blockchain/npm/registry/@node-ipc/event-pubsub/-/event-pubsub-6.0.2.tgz",
      "integrity": "sha1-QRgx8m8FjXz3WlyLtWdei7iiCd4=",
      "license": "MIT",
      "dependencies": {
        "strong-type": "^1.1.0"
      },
      "engines": {
        "node": ">=13.0.0"
      }
    },
    "node_modules/@node-ipc/js-queue": {
      "version": "2.0.3",
      "resolved": "https://pkgs.dev.azure.com/MS-Blockchain/_packaging/MS-Blockchain/npm/registry/@node-ipc/js-queue/-/js-queue-2.0.3.tgz",
      "integrity": "sha1-rH/jPXZvpT4jPvj+2vNEOgHFpM0=",
      "license": "MIT",
      "dependencies": {
        "easy-stack": "1.0.1"
      },
      "engines": {
        "node": ">=1.0.0"
      }
    },
    "node_modules/@node-ipc/node-ipc": {
      "version": "11.0.3",
      "resolved": "https://pkgs.dev.azure.com/MS-Blockchain/_packaging/MS-Blockchain/npm/registry/@node-ipc/node-ipc/-/node-ipc-11.0.3.tgz",
      "integrity": "sha1-j25W4MJ6RWfi870ugPFxBthY9hY=",
      "license": "MIT",
      "dependencies": {
        "@node-ipc/event-pubsub": "6.0.2",
        "@node-ipc/js-queue": "2.0.3",
        "js-message": "1.0.7",
        "strong-type": "1.1.0"
      },
      "engines": {
        "node": ">=14"
      }
    },
    "node_modules/easy-stack": {
      "version": "1.0.1",
      "resolved": "https://pkgs.dev.azure.com/MS-Blockchain/_packaging/MS-Blockchain/npm/registry/easy-stack/-/easy-stack-1.0.1.tgz",
      "integrity": "sha1-iv5CZGJpiMq7EfPHBMzQyDVBEGY=",
      "license": "MIT",
      "engines": {
        "node": ">=6.0.0"
      }
    },
    "node_modules/js-message": {
      "version": "1.0.7",
      "resolved": "https://pkgs.dev.azure.com/MS-Blockchain/_packaging/MS-Blockchain/npm/registry/js-message/-/js-message-1.0.7.tgz",
      "integrity": "sha1-+93QU8ekcCGHG7iyyVOXzBfCDkc=",
      "license": "MIT",
      "engines": {
        "node": ">=0.6.0"
      }
    },
    "node_modules/strong-type": {
      "version": "1.1.0",
      "resolved": "https://pkgs.dev.azure.com/MS-Blockchain/_packaging/MS-Blockchain/npm/registry/strong-type/-/strong-type-1.1.0.tgz",
      "integrity": "sha1-irj+s6JsN/o4nFKgRYH/tTx9Oik=",
      "license": "MIT",
      "engines": {
        "node": ">=12.21.0"
      }
    }
  },
  "dependencies": {
    "@node-ipc/event-pubsub": {
      "version": "6.0.2",
      "resolved": "https://pkgs.dev.azure.com/MS-Blockchain/_packaging/MS-Blockchain/npm/registry/@node-ipc/event-pubsub/-/event-pubsub-6.0.2.tgz",
      "integrity": "sha1-QRgx8m8FjXz3WlyLtWdei7iiCd4=",
      "requires": {
        "strong-type": "^1.1.0"
      }
    },
    "@node-ipc/js-queue": {
      "version": "2.0.3",
      "resolved": "https://pkgs.dev.azure.com/MS-Blockchain/_packaging/MS-Blockchain/npm/registry/@node-ipc/js-queue/-/js-queue-2.0.3.tgz",
      "integrity": "sha1-rH/jPXZvpT4jPvj+2vNEOgHFpM0=",
      "requires": {
        "easy-stack": "1.0.1"
      }
    },
    "@node-ipc/node-ipc": {
      "version": "11.0.3",
      "resolved": "https://pkgs.dev.azure.com/MS-Blockchain/_packaging/MS-Blockchain/npm/registry/@node-ipc/node-ipc/-/node-ipc-11.0.3.tgz",
      "integrity": "sha1-j25W4MJ6RWfi870ugPFxBthY9hY=",
      "requires": {
        "@node-ipc/event-pubsub": "6.0.2",
        "@node-ipc/js-queue": "2.0.3",
        "js-message": "1.0.7",
        "strong-type": "1.1.0"
      }
    },
    "easy-stack": {
      "version": "1.0.1",
      "resolved": "https://pkgs.dev.azure.com/MS-Blockchain/_packaging/MS-Blockchain/npm/registry/easy-stack/-/easy-stack-1.0.1.tgz",
      "integrity": "sha1-iv5CZGJpiMq7EfPHBMzQyDVBEGY="
    },
    "js-message": {
      "version": "1.0.7",
      "resolved": "https://pkgs.dev.azure.com/MS-Blockchain/_packaging/MS-Blockchain/npm/registry/js-message/-/js-message-1.0.7.tgz",
      "integrity": "sha1-+93QU8ekcCGHG7iyyVOXzBfCDkc="
    },
    "strong-type": {
      "version": "1.1.0",
      "resolved": "https://pkgs.dev.azure.com/MS-Blockchain/_packaging/MS-Blockchain/npm/registry/strong-type/-/strong-type-1.1.0.tgz",
      "integrity": "sha1-irj+s6JsN/o4nFKgRYH/tTx9Oik="
    }
  }
}
